
Microsoft Visual Studio Solution File, Format Version 12.00
Project("{FAE04EC0-301F-11D3-BF4B-00C04F79EFBC}") = "TicTacToe.Orleans", "TicTacToe.Orleans\TicTacToe.Orleans.csproj", "{BBE3EB5D-E1C7-4A9D-93AC-1DA685453687}"
EndProject
Global
	GlobalSection(SolutionConfigurationPlatforms) = preSolution
		Debug|Any CPU = Debug|Any CPU
		Release|Any CPU = Release|Any CPU
	EndGlobalSection
	GlobalSection(ProjectConfigurationPlatforms) = postSolution
		{BBE3EB5D-E1C7-4A9D-93AC-1DA685453687}.Debug|Any CPU.ActiveCfg = Debug|Any CPU
		{BBE3EB5D-E1C7-4A9D-93AC-1DA685453687}.Debug|Any CPU.Build.0 = Debug|Any CPU
		{BBE3EB5D-E1C7-4A9D-93AC-1DA685453687}.Release|Any CPU.ActiveCfg = Release|Any CPU
		{BBE3EB5D-E1C7-4A9D-93AC-1DA685453687}.Release|Any CPU.Build.0 = Release|Any CPU
	EndGlobalSection
EndGlobal
